
Microsoft Visual Studio Solution File, Format Version 12.00
# Visual Studio Version 16
VisualStudioVersion = 16.0.32901.82
MinimumVisualStudioVersion = 10.0.40219.1
Project("{FAE04EC0-301F-11D3-BF4B-00C04F79EFBC}") = "NoInternetReboot", "NoInternetReboot.csproj", "{979C5223-D620-4F47-9697-B2FA2045E8FA}"
EndProject
Global
	GlobalSection(SolutionConfigurationPlatforms) = preSolution
		Debug|Any CPU = Debug|Any CPU
		Release|Any CPU = Release|Any CPU
	EndGlobalSection
	GlobalSection(ProjectConfigurationPlatforms) = postSolution
		{979C5223-D620-4F47-9697-B2FA2045E8FA}.Debug|Any CPU.ActiveCfg = Debug|Any CPU
		{979C5223-D620-4F47-9697-B2FA2045E8FA}.Debug|Any CPU.Build.0 = Debug|Any CPU
		{979C5223-D620-4F47-9697-B2FA2045E8FA}.Release|Any CPU.ActiveCfg = Release|Any CPU
		{979C5223-D620-4F47-9697-B2FA2045E8FA}.Release|Any CPU.Build.0 = Release|Any CPU
	EndGlobalSection
	GlobalSection(SolutionProperties) = preSolution
		HideSolutionNode = FALSE
	EndGlobalSection
	GlobalSection(ExtensibilityGlobals) = postSolution
		SolutionGuid = {E0BEB0F1-10D4-4F28-A6B9-76FF47285D89}
	EndGlobalSection
EndGlobal
